
Microsoft Visual Studio Solution File, Format Version 12.00
# Visual Studio Version 17
VisualStudioVersion = 17.3.32825.248
MinimumVisualStudioVersion = 10.0.40219.1
Project("{FAE04EC0-301F-11D3-BF4B-00C04F79EFBC}") = "Week7", "Week7\Week7.csproj", "{F54F37AC-7C93-4510-84B3-8CE3E78F5C4F}"
EndProject
Project("{FAE04EC0-301F-11D3-BF4B-00C04F79EFBC}") = "ArgumentsAndParameters", "ArgumentsAndParameters\ArgumentsAndParameters.csproj", "{F16E5FA5-FEE8-4D50-9CFB-57F4D050BD00}"
EndProject
Project("{FAE04EC0-301F-11D3-BF4B-00C04F79EFBC}") = "Calculator", "Calculator\Calculator.csproj", "{0F3113D2-C3F0-4579-A63C-0892A22D7DD3}"
EndProject
Project("{FAE04EC0-301F-11D3-BF4B-00C04F79EFBC}") = "DiscountCalculator", "DiscountCalculator\DiscountCalculator.csproj", "{4D0809E8-2C27-4E85-B938-73953FB2A6A2}"
EndProject
Global
	GlobalSection(SolutionConfigurationPlatforms) = preSolution
		Debug|Any CPU = Debug|Any CPU
		Release|Any CPU = Release|Any CPU
	EndGlobalSection
	GlobalSection(ProjectConfigurationPlatforms) = postSolution
		{F54F37AC-7C93-4510-84B3-8CE3E78F5C4F}.Debug|Any CPU.ActiveCfg = Debug|Any CPU
		{F54F37AC-7C93-4510-84B3-8CE3E78F5C4F}.Debug|Any CPU.Build.0 = Debug|Any CPU
		{F54F37AC-7C93-4510-84B3-8CE3E78F5C4F}.Release|Any CPU.ActiveCfg = Release|Any CPU
		{F54F37AC-7C93-4510-84B3-8CE3E78F5C4F}.Release|Any CPU.Build.0 = Release|Any CPU
		{F16E5FA5-FEE8-4D50-9CFB-57F4D050BD00}.Debug|Any CPU.ActiveCfg = Debug|Any CPU
		{F16E5FA5-FEE8-4D50-9CFB-57F4D050BD00}.Debug|Any CPU.Build.0 = Debug|Any CPU
		{F16E5FA5-FEE8-4D50-9CFB-57F4D050BD00}.Release|Any CPU.ActiveCfg = Release|Any CPU
		{F16E5FA5-FEE8-4D50-9CFB-57F4D050BD00}.Release|Any CPU.Build.0 = Release|Any CPU
		{0F3113D2-C3F0-4579-A63C-0892A22D7DD3}.Debug|Any CPU.ActiveCfg = Debug|Any CPU
		{0F3113D2-C3F0-4579-A63C-0892A22D7DD3}.Debug|Any CPU.Build.0 = Debug|Any CPU
		{0F3113D2-C3F0-4579-A63C-0892A22D7DD3}.Release|Any CPU.ActiveCfg = Release|Any CPU
		{0F3113D2-C3F0-4579-A63C-0892A22D7DD3}.Release|Any CPU.Build.0 = Release|Any CPU
		{4D0809E8-2C27-4E85-B938-73953FB2A6A2}.Debug|Any CPU.ActiveCfg = Debug|Any CPU
		{4D0809E8-2C27-4E85-B938-73953FB2A6A2}.Debug|Any CPU.Build.0 = Debug|Any CPU
		{4D0809E8-2C27-4E85-B938-73953FB2A6A2}.Release|Any CPU.ActiveCfg = Release|Any CPU
		{4D0809E8-2C27-4E85-B938-73953FB2A6A2}.Release|Any CPU.Build.0 = Release|Any CPU
	EndGlobalSection
	GlobalSection(SolutionProperties) = preSolution
		HideSolutionNode = FALSE
	EndGlobalSection
	GlobalSection(ExtensibilityGlobals) = postSolution
		SolutionGuid = {CB05C9B1-D58C-4DCD-B3BE-4F798EA37448}
	EndGlobalSection
EndGlobal
